
Microsoft Visual Studio Solution File, Format Version 12.00
# Visual Studio Version 17
VisualStudioVersion = 17.4.33205.214
MinimumVisualStudioVersion = 10.0.40219.1
Project("{FAE04EC0-301F-11D3-BF4B-00C04F79EFBC}") = "AuthenticationApp", "AuthenticationApp\AuthenticationApp.csproj", "{1607A2FC-0783-4DDB-AE13-CC0EE8CD6C73}"
EndProject
Global
	GlobalSection(SolutionConfigurationPlatforms) = preSolution
		Debug|Any CPU = Debug|Any CPU
		Release|Any CPU = Release|Any CPU
	EndGlobalSection
	GlobalSection(ProjectConfigurationPlatforms) = postSolution
		{1607A2FC-0783-4DDB-AE13-CC0EE8CD6C73}.Debug|Any CPU.ActiveCfg = Debug|Any CPU
		{1607A2FC-0783-4DDB-AE13-CC0EE8CD6C73}.Debug|Any CPU.Build.0 = Debug|Any CPU
		{1607A2FC-0783-4DDB-AE13-CC0EE8CD6C73}.Release|Any CPU.ActiveCfg = Release|Any CPU
		{1607A2FC-0783-4DDB-AE13-CC0EE8CD6C73}.Release|Any CPU.Build.0 = Release|Any CPU
	EndGlobalSection
	GlobalSection(SolutionProperties) = preSolution
		HideSolutionNode = FALSE
	EndGlobalSection
	GlobalSection(ExtensibilityGlobals) = postSolution
		SolutionGuid = {93E01337-F819-46D5-BFF4-34515AC325CB}
	EndGlobalSection
EndGlobal
